
Microsoft Visual Studio Solution File, Format Version 12.00
# Visual Studio Version 16
VisualStudioVersion = 16.0.33927.289
MinimumVisualStudioVersion = 10.0.40219.1
Project("{2150E333-8FDC-42A3-9474-1A3956D46DE8}") = "Task0", "Task0", "{265A958B-5302-4D5F-848D-DDD3FF656806}"
EndProject
Project("{FAE04EC0-301F-11D3-BF4B-00C04F79EFBC}") = "Tyuiu.ZuborevDA.Sprint4.Task0.V13", "Tyuiu.ZuborevDA.Sprint4.Task0.V13\Tyuiu.ZuborevDA.Sprint4.Task0.V13.csproj", "{BB3B5D86-F677-4FBE-9C68-E19769E54D28}"
EndProject
Project("{FAE04EC0-301F-11D3-BF4B-00C04F79EFBC}") = "Tyuiu.ZuborevDA.Sprint4.Task0.V13.Lib", "Tyuiu.ZuborevDA.Sprint4.Task0.V13.Lib\Tyuiu.ZuborevDA.Sprint4.Task0.V13.Lib.csproj", "{80B14C7A-FE7E-422B-9871-60C9521FF981}"
EndProject
Project("{FAE04EC0-301F-11D3-BF4B-00C04F79EFBC}") = "Tyuiu.ZuborevDA.Sprint4.Task0.V13.Test", "Tyuiu.ZuborevDA.Sprint4.Task0.V13.Test\Tyuiu.ZuborevDA.Sprint4.Task0.V13.Test.csproj", "{D23A9860-36A3-4667-9C7A-D72BC3060727}"
EndProject
Project("{2150E333-8FDC-42A3-9474-1A3956D46DE8}") = "Task1", "Task1", "{29922ECB-A397-45FC-97E5-65DA9F685948}"
EndProject
Project("{FAE04EC0-301F-11D3-BF4B-00C04F79EFBC}") = "Tyuiu.ZuborevDA.Sprint4.Task1.V16", "Tyuiu.ZuborevDA.Sprint4.Task1.V16\Tyuiu.ZuborevDA.Sprint4.Task1.V16.csproj", "{075A10FD-C931-4B88-BA9E-B899127FC8DD}"
EndProject
Project("{FAE04EC0-301F-11D3-BF4B-00C04F79EFBC}") = "Tyuiu.ZuborevDA.Sprint4.Task1.V16.Test", "Tyuiu.ZuborevDA.Sprint4.Task1.V16.Test\Tyuiu.ZuborevDA.Sprint4.Task1.V16.Test.csproj", "{F0D69D10-D7B1-4F36-8E6B-77939B88FAA8}"
EndProject
Project("{FAE04EC0-301F-11D3-BF4B-00C04F79EFBC}") = "Tyuiu.ZuborevDA.Sprint4.Task1.V16.Lib", "Tyuiu.ZuborevDA.Sprint4.Task1.V16.Lib\Tyuiu.ZuborevDA.Sprint4.Task1.V16.Lib.csproj", "{FAE6D612-6AB8-4A8F-9463-C1AAF2B02A3D}"
EndProject
Project("{2150E333-8FDC-42A3-9474-1A3956D46DE8}") = "Task2", "Task2", "{D3807390-E265-4EB2-8A77-8D23BEA414F7}"
EndProject
Project("{FAE04EC0-301F-11D3-BF4B-00C04F79EFBC}") = "Tyuiu.ZuborevDA.Sprint4.Task2.V24", "Tyuiu.ZuborevDA.Sprint4.Task2.V24\Tyuiu.ZuborevDA.Sprint4.Task2.V24.csproj", "{EB3BD02E-71F2-4327-A664-9215A8FACDAE}"
EndProject
Project("{FAE04EC0-301F-11D3-BF4B-00C04F79EFBC}") = "Tyuiu.ZuborevDA.Sprint4.Task2.V24.Test", "Tyuiu.ZuborevDA.Sprint4.Task2.V24.Test\Tyuiu.ZuborevDA.Sprint4.Task2.V24.Test.csproj", "{3A39F510-702D-4B91-B355-0E7FD971E1AB}"
EndProject
Project("{FAE04EC0-301F-11D3-BF4B-00C04F79EFBC}") = "Tyuiu.ZuborevDA.Sprint4.Task2.V24.Lib", "Tyuiu.ZuborevDA.Sprint4.Task2.V24.Lib\Tyuiu.ZuborevDA.Sprint4.Task2.V24.Lib.csproj", "{F05F1E61-3221-49EA-9204-A9D906E16537}"
EndProject
Global
	GlobalSection(SolutionConfigurationPlatforms) = preSolution
		Debug|Any CPU = Debug|Any CPU
		Release|Any CPU = Release|Any CPU
	EndGlobalSection
	GlobalSection(ProjectConfigurationPlatforms) = postSolution
		{BB3B5D86-F677-4FBE-9C68-E19769E54D28}.Debug|Any CPU.ActiveCfg = Debug|Any CPU
		{BB3B5D86-F677-4FBE-9C68-E19769E54D28}.Debug|Any CPU.Build.0 = Debug|Any CPU
		{BB3B5D86-F677-4FBE-9C68-E19769E54D28}.Release|Any CPU.ActiveCfg = Release|Any CPU
		{BB3B5D86-F677-4FBE-9C68-E19769E54D28}.Release|Any CPU.Build.0 = Release|Any CPU
		{80B14C7A-FE7E-422B-9871-60C9521FF981}.Debug|Any CPU.ActiveCfg = Debug|Any CPU
		{80B14C7A-FE7E-422B-9871-60C9521FF981}.Debug|Any CPU.Build.0 = Debug|Any CPU
		{80B14C7A-FE7E-422B-9871-60C9521FF981}.Release|Any CPU.ActiveCfg = Release|Any CPU
		{80B14C7A-FE7E-422B-9871-60C9521FF981}.Release|Any CPU.Build.0 = Release|Any CPU
		{D23A9860-36A3-4667-9C7A-D72BC3060727}.Debug|Any CPU.ActiveCfg = Debug|Any CPU
		{D23A9860-36A3-4667-9C7A-D72BC3060727}.Debug|Any CPU.Build.0 = Debug|Any CPU
		{D23A9860-36A3-4667-9C7A-D72BC3060727}.Release|Any CPU.ActiveCfg = Release|Any CPU
		{D23A9860-36A3-4667-9C7A-D72BC3060727}.Release|Any CPU.Build.0 = Release|Any CPU
		{075A10FD-C931-4B88-BA9E-B899127FC8DD}.Debug|Any CPU.ActiveCfg = Debug|Any CPU
		{075A10FD-C931-4B88-BA9E-B899127FC8DD}.Debug|Any CPU.Build.0 = Debug|Any CPU
		{075A10FD-C931-4B88-BA9E-B899127FC8DD}.Release|Any CPU.ActiveCfg = Release|Any CPU
		{075A10FD-C931-4B88-BA9E-B899127FC8DD}.Release|Any CPU.Build.0 = Release|Any CPU
		{F0D69D10-D7B1-4F36-8E6B-77939B88FAA8}.Debug|Any CPU.ActiveCfg = Debug|Any CPU
		{F0D69D10-D7B1-4F36-8E6B-77939B88FAA8}.Debug|Any CPU.Build.0 = Debug|Any CPU
		{F0D69D10-D7B1-4F36-8E6B-77939B88FAA8}.Release|Any CPU.ActiveCfg = Release|Any CPU
		{F0D69D10-D7B1-4F36-8E6B-77939B88FAA8}.Release|Any CPU.Build.0 = Release|Any CPU
		{FAE6D612-6AB8-4A8F-9463-C1AAF2B02A3D}.Debug|Any CPU.ActiveCfg = Debug|Any CPU
		{FAE6D612-6AB8-4A8F-9463-C1AAF2B02A3D}.Debug|Any CPU.Build.0 = Debug|Any CPU
		{FAE6D612-6AB8-4A8F-9463-C1AAF2B02A3D}.Release|Any CPU.ActiveCfg = Release|Any CPU
		{FAE6D612-6AB8-4A8F-9463-C1AAF2B02A3D}.Release|Any CPU.Build.0 = Release|Any CPU
		{EB3BD02E-71F2-4327-A664-9215A8FACDAE}.Debug|Any CPU.ActiveCfg = Debug|Any CPU
		{EB3BD02E-71F2-4327-A664-9215A8FACDAE}.Debug|Any CPU.Build.0 = Debug|Any CPU
		{EB3BD02E-71F2-4327-A664-9215A8FACDAE}.Release|Any CPU.ActiveCfg = Release|Any CPU
		{EB3BD02E-71F2-4327-A664-9215A8FACDAE}.Release|Any CPU.Build.0 = Release|Any CPU
		{3A39F510-702D-4B91-B355-0E7FD971E1AB}.Debug|Any CPU.ActiveCfg = Debug|Any CPU
		{3A39F510-702D-4B91-B355-0E7FD971E1AB}.Debug|Any CPU.Build.0 = Debug|Any CPU
		{3A39F510-702D-4B91-B355-0E7FD971E1AB}.Release|Any CPU.ActiveCfg = Release|Any CPU
		{3A39F510-702D-4B91-B355-0E7FD971E1AB}.Release|Any CPU.Build.0 = Release|Any CPU
		{F05F1E61-3221-49EA-9204-A9D906E16537}.Debug|Any CPU.ActiveCfg = Debug|Any CPU
		{F05F1E61-3221-49EA-9204-A9D906E16537}.Debug|Any CPU.Build.0 = Debug|Any CPU
		{F05F1E61-3221-49EA-9204-A9D906E16537}.Release|Any CPU.ActiveCfg = Release|Any CPU
		{F05F1E61-3221-49EA-9204-A9D906E16537}.Release|Any CPU.Build.0 = Release|Any CPU
	EndGlobalSection
	GlobalSection(SolutionProperties) = preSolution
		HideSolutionNode = FALSE
	EndGlobalSection
	GlobalSection(NestedProjects) = preSolution
		{BB3B5D86-F677-4FBE-9C68-E19769E54D28} = {265A958B-5302-4D5F-848D-DDD3FF656806}
		{80B14C7A-FE7E-422B-9871-60C9521FF981} = {265A958B-5302-4D5F-848D-DDD3FF656806}
		{D23A9860-36A3-4667-9C7A-D72BC3060727} = {265A958B-5302-4D5F-848D-DDD3FF656806}
		{075A10FD-C931-4B88-BA9E-B899127FC8DD} = {29922ECB-A397-45FC-97E5-65DA9F685948}
		{F0D69D10-D7B1-4F36-8E6B-77939B88FAA8} = {29922ECB-A397-45FC-97E5-65DA9F685948}
		{FAE6D612-6AB8-4A8F-9463-C1AAF2B02A3D} = {29922ECB-A397-45FC-97E5-65DA9F685948}
		{EB3BD02E-71F2-4327-A664-9215A8FACDAE} = {D3807390-E265-4EB2-8A77-8D23BEA414F7}
		{3A39F510-702D-4B91-B355-0E7FD971E1AB} = {D3807390-E265-4EB2-8A77-8D23BEA414F7}
		{F05F1E61-3221-49EA-9204-A9D906E16537} = {D3807390-E265-4EB2-8A77-8D23BEA414F7}
	EndGlobalSection
	GlobalSection(ExtensibilityGlobals) = postSolution
		SolutionGuid = {921AB23D-A27E-4366-9BB9-FF952380E241}
	EndGlobalSection
EndGlobal
